
Microsoft Visual Studio Solution File, Format Version 12.00
# Visual Studio 15
VisualStudioVersion = 15.0.28307.421
MinimumVisualStudioVersion = 10.0.40219.1
Project("{FAE04EC0-301F-11D3-BF4B-00C04F79EFBC}") = "HostedService", "HostedService\HostedService.csproj", "{9E59EC56-869A-4BC5-A2D4-0E2DB4E10E68}"
EndProject
Global
	GlobalSection(SolutionConfigurationPlatforms) = preSolution
		Debug|Any CPU = Debug|Any CPU
		Release|Any CPU = Release|Any CPU
	EndGlobalSection
	GlobalSection(ProjectConfigurationPlatforms) = postSolution
		{9E59EC56-869A-4BC5-A2D4-0E2DB4E10E68}.Debug|Any CPU.ActiveCfg = Debug|Any CPU
		{9E59EC56-869A-4BC5-A2D4-0E2DB4E10E68}.Debug|Any CPU.Build.0 = Debug|Any CPU
		{9E59EC56-869A-4BC5-A2D4-0E2DB4E10E68}.Release|Any CPU.ActiveCfg = Release|Any CPU
		{9E59EC56-869A-4BC5-A2D4-0E2DB4E10E68}.Release|Any CPU.Build.0 = Release|Any CPU
	EndGlobalSection
	GlobalSection(SolutionProperties) = preSolution
		HideSolutionNode = FALSE
	EndGlobalSection
	GlobalSection(ExtensibilityGlobals) = postSolution
		SolutionGuid = {5F11D1B3-868A-444A-9083-010F497CEB2C}
	EndGlobalSection
EndGlobal
